
Microsoft Visual Studio Solution File, Format Version 12.00
# Visual Studio 15
VisualStudioVersion = 15.0.28307.757
MinimumVisualStudioVersion = 10.0.40219.1
Project("{FAE04EC0-301F-11D3-BF4B-00C04F79EFBC}") = "ApiWithToken", "ApiWithToken\ApiWithToken.csproj", "{721B5314-C9FA-4BC2-AD91-713967D9994F}"
EndProject
Global
	GlobalSection(SolutionConfigurationPlatforms) = preSolution
		Debug|Any CPU = Debug|Any CPU
		Release|Any CPU = Release|Any CPU
	EndGlobalSection
	GlobalSection(ProjectConfigurationPlatforms) = postSolution
		{721B5314-C9FA-4BC2-AD91-713967D9994F}.Debug|Any CPU.ActiveCfg = Debug|Any CPU
		{721B5314-C9FA-4BC2-AD91-713967D9994F}.Debug|Any CPU.Build.0 = Debug|Any CPU
		{721B5314-C9FA-4BC2-AD91-713967D9994F}.Release|Any CPU.ActiveCfg = Release|Any CPU
		{721B5314-C9FA-4BC2-AD91-713967D9994F}.Release|Any CPU.Build.0 = Release|Any CPU
	EndGlobalSection
	GlobalSection(SolutionProperties) = preSolution
		HideSolutionNode = FALSE
	EndGlobalSection
	GlobalSection(ExtensibilityGlobals) = postSolution
		SolutionGuid = {2E577A7D-3718-4B3C-BB97-7C29572B8126}
	EndGlobalSection
EndGlobal
